
Microsoft Visual Studio Solution File, Format Version 12.00
# Visual Studio 15
VisualStudioVersion = 15.0.28307.705
MinimumVisualStudioVersion = 10.0.40219.1
Project("{2150E333-8FDC-42A3-9474-1A3956D46DE8}") = "DesignPatterns", "DesignPatterns", "{9EF8329A-8471-4190-9506-4C81B76DE465}"
EndProject
Project("{2150E333-8FDC-42A3-9474-1A3956D46DE8}") = "Algos", "Algos", "{B75D39C8-0AC6-489F-A9C8-852CE0545DE4}"
EndProject
Project("{FAE04EC0-301F-11D3-BF4B-00C04F79EFBC}") = "Factory", "ClassLibrary1\Factory.csproj", "{08296AFB-75C7-40BA-83FC-75DE51D6D717}"
EndProject
Project("{FAE04EC0-301F-11D3-BF4B-00C04F79EFBC}") = "Factory.Test", "Factory.Test\Factory.Test.csproj", "{9BE1DE33-F9F3-4FF1-A424-D392B83CF4DC}"
EndProject
Project("{FAE04EC0-301F-11D3-BF4B-00C04F79EFBC}") = "Builder", "Builder\Builder.csproj", "{ECBACC78-804A-4BA1-8506-3DE2C37F2854}"
EndProject
Project("{2150E333-8FDC-42A3-9474-1A3956D46DE8}") = "FactoryPattern", "FactoryPattern", "{D005965D-1B5B-4ABF-854C-8889BEF606EE}"
EndProject
Project("{2150E333-8FDC-42A3-9474-1A3956D46DE8}") = "BuilderPattern", "BuilderPattern", "{D1CFF5AC-CFA5-40EA-A2C6-DD91CC5F56D9}"
EndProject
Project("{FAE04EC0-301F-11D3-BF4B-00C04F79EFBC}") = "Builder.Test", "Builder.Test\Builder.Test.csproj", "{50A2360D-6C67-43D3-91B7-259E9EBD5442}"
EndProject
Project("{FAE04EC0-301F-11D3-BF4B-00C04F79EFBC}") = "SquareCombination", "SquareCombination\SquareCombination.csproj", "{28B6A935-69BC-441B-8360-D54606273C79}"
EndProject
Project("{FAE04EC0-301F-11D3-BF4B-00C04F79EFBC}") = "SquareCombination.Test", "SquareCombination.Test\SquareCombination.Test.csproj", "{6BF3DB8D-B669-484F-8B37-7918AB79FEB7}"
EndProject
Global
	GlobalSection(SolutionConfigurationPlatforms) = preSolution
		Debug|Any CPU = Debug|Any CPU
		Release|Any CPU = Release|Any CPU
	EndGlobalSection
	GlobalSection(ProjectConfigurationPlatforms) = postSolution
		{08296AFB-75C7-40BA-83FC-75DE51D6D717}.Debug|Any CPU.ActiveCfg = Debug|Any CPU
		{08296AFB-75C7-40BA-83FC-75DE51D6D717}.Debug|Any CPU.Build.0 = Debug|Any CPU
		{08296AFB-75C7-40BA-83FC-75DE51D6D717}.Release|Any CPU.ActiveCfg = Release|Any CPU
		{08296AFB-75C7-40BA-83FC-75DE51D6D717}.Release|Any CPU.Build.0 = Release|Any CPU
		{9BE1DE33-F9F3-4FF1-A424-D392B83CF4DC}.Debug|Any CPU.ActiveCfg = Debug|Any CPU
		{9BE1DE33-F9F3-4FF1-A424-D392B83CF4DC}.Debug|Any CPU.Build.0 = Debug|Any CPU
		{9BE1DE33-F9F3-4FF1-A424-D392B83CF4DC}.Release|Any CPU.ActiveCfg = Release|Any CPU
		{9BE1DE33-F9F3-4FF1-A424-D392B83CF4DC}.Release|Any CPU.Build.0 = Release|Any CPU
		{ECBACC78-804A-4BA1-8506-3DE2C37F2854}.Debug|Any CPU.ActiveCfg = Debug|Any CPU
		{ECBACC78-804A-4BA1-8506-3DE2C37F2854}.Debug|Any CPU.Build.0 = Debug|Any CPU
		{ECBACC78-804A-4BA1-8506-3DE2C37F2854}.Release|Any CPU.ActiveCfg = Release|Any CPU
		{ECBACC78-804A-4BA1-8506-3DE2C37F2854}.Release|Any CPU.Build.0 = Release|Any CPU
		{50A2360D-6C67-43D3-91B7-259E9EBD5442}.Debug|Any CPU.ActiveCfg = Debug|Any CPU
		{50A2360D-6C67-43D3-91B7-259E9EBD5442}.Debug|Any CPU.Build.0 = Debug|Any CPU
		{50A2360D-6C67-43D3-91B7-259E9EBD5442}.Release|Any CPU.ActiveCfg = Release|Any CPU
		{50A2360D-6C67-43D3-91B7-259E9EBD5442}.Release|Any CPU.Build.0 = Release|Any CPU
		{28B6A935-69BC-441B-8360-D54606273C79}.Debug|Any CPU.ActiveCfg = Debug|Any CPU
		{28B6A935-69BC-441B-8360-D54606273C79}.Debug|Any CPU.Build.0 = Debug|Any CPU
		{28B6A935-69BC-441B-8360-D54606273C79}.Release|Any CPU.ActiveCfg = Release|Any CPU
		{28B6A935-69BC-441B-8360-D54606273C79}.Release|Any CPU.Build.0 = Release|Any CPU
		{6BF3DB8D-B669-484F-8B37-7918AB79FEB7}.Debug|Any CPU.ActiveCfg = Debug|Any CPU
		{6BF3DB8D-B669-484F-8B37-7918AB79FEB7}.Debug|Any CPU.Build.0 = Debug|Any CPU
		{6BF3DB8D-B669-484F-8B37-7918AB79FEB7}.Release|Any CPU.ActiveCfg = Release|Any CPU
		{6BF3DB8D-B669-484F-8B37-7918AB79FEB7}.Release|Any CPU.Build.0 = Release|Any CPU
	EndGlobalSection
	GlobalSection(SolutionProperties) = preSolution
		HideSolutionNode = FALSE
	EndGlobalSection
	GlobalSection(NestedProjects) = preSolution
		{08296AFB-75C7-40BA-83FC-75DE51D6D717} = {D005965D-1B5B-4ABF-854C-8889BEF606EE}
		{9BE1DE33-F9F3-4FF1-A424-D392B83CF4DC} = {D005965D-1B5B-4ABF-854C-8889BEF606EE}
		{ECBACC78-804A-4BA1-8506-3DE2C37F2854} = {D1CFF5AC-CFA5-40EA-A2C6-DD91CC5F56D9}
		{D005965D-1B5B-4ABF-854C-8889BEF606EE} = {9EF8329A-8471-4190-9506-4C81B76DE465}
		{D1CFF5AC-CFA5-40EA-A2C6-DD91CC5F56D9} = {9EF8329A-8471-4190-9506-4C81B76DE465}
		{50A2360D-6C67-43D3-91B7-259E9EBD5442} = {D1CFF5AC-CFA5-40EA-A2C6-DD91CC5F56D9}
		{28B6A935-69BC-441B-8360-D54606273C79} = {B75D39C8-0AC6-489F-A9C8-852CE0545DE4}
		{6BF3DB8D-B669-484F-8B37-7918AB79FEB7} = {B75D39C8-0AC6-489F-A9C8-852CE0545DE4}
	EndGlobalSection
	GlobalSection(ExtensibilityGlobals) = postSolution
		SolutionGuid = {FD4D7243-D508-4FD7-8681-A83DE3A2DE0A}
	EndGlobalSection
EndGlobal
